
Microsoft Visual Studio Solution File, Format Version 12.00
# Visual Studio Version 16
VisualStudioVersion = 16.0.30204.135
MinimumVisualStudioVersion = 10.0.40219.1
Project("{FAE04EC0-301F-11D3-BF4B-00C04F79EFBC}") = "PresenterClient", "PresenterClient\PresenterClient.csproj", "{FC5D4E27-5365-4ABA-BD60-23C8E53EC24E}"
EndProject
Project("{9A19103F-16F7-4668-BE54-9A1E7A4F7556}") = "PresenterClient.SignalR", "PresenterClient.SignalR\PresenterClient.SignalR.csproj", "{A81C2D1A-085C-4A6A-B474-A4297928054F}"
EndProject
Project("{9A19103F-16F7-4668-BE54-9A1E7A4F7556}") = "PresenterClient.Common", "PresenterClient.Common\PresenterClient.Common.csproj", "{6D44519F-1EAD-4B47-A3FA-77975A6B563D}"
EndProject
Project("{9A19103F-16F7-4668-BE54-9A1E7A4F7556}") = "PresenterClient.Http", "PresenterClient.Http\PresenterClient.Http.csproj", "{6397788F-45F4-461F-9A6D-7D6D4AD6100E}"
EndProject
Project("{9A19103F-16F7-4668-BE54-9A1E7A4F7556}") = "PresenterClient.NoteConverter", "PresenterClient.NoteConverter\PresenterClient.NoteConverter.csproj", "{626A98F4-26D6-4F30-B19E-4814AB623579}"
EndProject
Global
	GlobalSection(SolutionConfigurationPlatforms) = preSolution
		Debug|Any CPU = Debug|Any CPU
		Release|Any CPU = Release|Any CPU
	EndGlobalSection
	GlobalSection(ProjectConfigurationPlatforms) = postSolution
		{FC5D4E27-5365-4ABA-BD60-23C8E53EC24E}.Debug|Any CPU.ActiveCfg = Debug|Any CPU
		{FC5D4E27-5365-4ABA-BD60-23C8E53EC24E}.Debug|Any CPU.Build.0 = Debug|Any CPU
		{FC5D4E27-5365-4ABA-BD60-23C8E53EC24E}.Release|Any CPU.ActiveCfg = Release|Any CPU
		{FC5D4E27-5365-4ABA-BD60-23C8E53EC24E}.Release|Any CPU.Build.0 = Release|Any CPU
		{A81C2D1A-085C-4A6A-B474-A4297928054F}.Debug|Any CPU.ActiveCfg = Debug|Any CPU
		{A81C2D1A-085C-4A6A-B474-A4297928054F}.Debug|Any CPU.Build.0 = Debug|Any CPU
		{A81C2D1A-085C-4A6A-B474-A4297928054F}.Release|Any CPU.ActiveCfg = Release|Any CPU
		{A81C2D1A-085C-4A6A-B474-A4297928054F}.Release|Any CPU.Build.0 = Release|Any CPU
		{6D44519F-1EAD-4B47-A3FA-77975A6B563D}.Debug|Any CPU.ActiveCfg = Debug|Any CPU
		{6D44519F-1EAD-4B47-A3FA-77975A6B563D}.Debug|Any CPU.Build.0 = Debug|Any CPU
		{6D44519F-1EAD-4B47-A3FA-77975A6B563D}.Release|Any CPU.ActiveCfg = Release|Any CPU
		{6D44519F-1EAD-4B47-A3FA-77975A6B563D}.Release|Any CPU.Build.0 = Release|Any CPU
		{6397788F-45F4-461F-9A6D-7D6D4AD6100E}.Debug|Any CPU.ActiveCfg = Debug|Any CPU
		{6397788F-45F4-461F-9A6D-7D6D4AD6100E}.Debug|Any CPU.Build.0 = Debug|Any CPU
		{6397788F-45F4-461F-9A6D-7D6D4AD6100E}.Release|Any CPU.ActiveCfg = Release|Any CPU
		{6397788F-45F4-461F-9A6D-7D6D4AD6100E}.Release|Any CPU.Build.0 = Release|Any CPU
		{626A98F4-26D6-4F30-B19E-4814AB623579}.Debug|Any CPU.ActiveCfg = Debug|Any CPU
		{626A98F4-26D6-4F30-B19E-4814AB623579}.Debug|Any CPU.Build.0 = Debug|Any CPU
		{626A98F4-26D6-4F30-B19E-4814AB623579}.Release|Any CPU.ActiveCfg = Release|Any CPU
		{626A98F4-26D6-4F30-B19E-4814AB623579}.Release|Any CPU.Build.0 = Release|Any CPU
	EndGlobalSection
	GlobalSection(SolutionProperties) = preSolution
		HideSolutionNode = FALSE
	EndGlobalSection
	GlobalSection(ExtensibilityGlobals) = postSolution
		SolutionGuid = {C03545D8-D0D6-4889-B989-3C1302DA1911}
	EndGlobalSection
EndGlobal
