
Microsoft Visual Studio Solution File, Format Version 12.00
# Visual Studio Version 16
VisualStudioVersion = 16.0.30104.148
MinimumVisualStudioVersion = 10.0.40219.1
Project("{FAE04EC0-301F-11D3-BF4B-00C04F79EFBC}") = "PowerPointRemote.DesktopClient", "PowerPointRemote.DesktopClient\PowerPointRemote.DesktopClient.csproj", "{0703E450-A6CD-4BC6-978D-F66D1CC879A1}"
EndProject
Global
	GlobalSection(SolutionConfigurationPlatforms) = preSolution
		Debug|Any CPU = Debug|Any CPU
		Release|Any CPU = Release|Any CPU
	EndGlobalSection
	GlobalSection(ProjectConfigurationPlatforms) = postSolution
		{0703E450-A6CD-4BC6-978D-F66D1CC879A1}.Debug|Any CPU.ActiveCfg = Debug|Any CPU
		{0703E450-A6CD-4BC6-978D-F66D1CC879A1}.Debug|Any CPU.Build.0 = Debug|Any CPU
		{0703E450-A6CD-4BC6-978D-F66D1CC879A1}.Release|Any CPU.ActiveCfg = Release|Any CPU
		{0703E450-A6CD-4BC6-978D-F66D1CC879A1}.Release|Any CPU.Build.0 = Release|Any CPU
	EndGlobalSection
	GlobalSection(SolutionProperties) = preSolution
		HideSolutionNode = FALSE
	EndGlobalSection
	GlobalSection(ExtensibilityGlobals) = postSolution
		SolutionGuid = {CA01AD3B-85CA-41BE-9B20-F30CD73493D8}
	EndGlobalSection
EndGlobal
